
Microsoft Visual Studio Solution File, Format Version 12.00
# Visual Studio Version 16
VisualStudioVersion = 16.0.30503.244
MinimumVisualStudioVersion = 10.0.40219.1
Project("{FAE04EC0-301F-11D3-BF4B-00C04F79EFBC}") = "Project1", "Project1\Project1.csproj", "{F9439D45-339C-4206-8AD8-A6CE045858EF}"
EndProject
Project("{FAE04EC0-301F-11D3-BF4B-00C04F79EFBC}") = "Project2", "Project2\Project2.csproj", "{CFE8A2EE-9326-4523-BB3E-535FECDB5B42}"
EndProject
Global
	GlobalSection(SolutionConfigurationPlatforms) = preSolution
		Debug|Any CPU = Debug|Any CPU
		Release|Any CPU = Release|Any CPU
	EndGlobalSection
	GlobalSection(ProjectConfigurationPlatforms) = postSolution
		{F9439D45-339C-4206-8AD8-A6CE045858EF}.Debug|Any CPU.ActiveCfg = Debug|Any CPU
		{F9439D45-339C-4206-8AD8-A6CE045858EF}.Debug|Any CPU.Build.0 = Debug|Any CPU
		{F9439D45-339C-4206-8AD8-A6CE045858EF}.Release|Any CPU.ActiveCfg = Release|Any CPU
		{F9439D45-339C-4206-8AD8-A6CE045858EF}.Release|Any CPU.Build.0 = Release|Any CPU
		{CFE8A2EE-9326-4523-BB3E-535FECDB5B42}.Debug|Any CPU.ActiveCfg = Debug|Any CPU
		{CFE8A2EE-9326-4523-BB3E-535FECDB5B42}.Debug|Any CPU.Build.0 = Debug|Any CPU
		{CFE8A2EE-9326-4523-BB3E-535FECDB5B42}.Release|Any CPU.ActiveCfg = Release|Any CPU
		{CFE8A2EE-9326-4523-BB3E-535FECDB5B42}.Release|Any CPU.Build.0 = Release|Any CPU
	EndGlobalSection
	GlobalSection(SolutionProperties) = preSolution
		HideSolutionNode = FALSE
	EndGlobalSection
	GlobalSection(ExtensibilityGlobals) = postSolution
		SolutionGuid = {7A591897-BE4C-4C3A-A608-DF646603C997}
	EndGlobalSection
EndGlobal
